// !$*UTF8*$!
{
	archiveVersion = 1;
	classes = {
	};
	objectVersion = 46;
	objects = {

/* Begin PBXBuildFile section */
		D3860F5019405660007F355E /* Foundation.framework in Frameworks */ = {isa = PBXBuildFile; fileRef = D3860F4F19405660007F355E /* Foundation.framework */; };
		D3860F5219405660007F355E /* CoreGraphics.framework in Frameworks */ = {isa = PBXBuildFile; fileRef = D3860F5119405660007F355E /* CoreGraphics.framework */; };
		D3860F5419405660007F355E /* UIKit.framework in Frameworks */ = {isa = PBXBuildFile; fileRef = D3860F5319405660007F355E /* UIKit.framework */; };
		D3860F5A19405660007F355E /* InfoPlist.strings in Resources */ = {isa = PBXBuildFile; fileRef = D3860F5819405660007F355E /* InfoPlist.strings */; };
		D3860F5C19405660007F355E /* main.m in Sources */ = {isa = PBXBuildFile; fileRef = D3860F5B19405660007F355E /* main.m */; };
		D3860F6019405660007F355E /* AppDelegate.m in Sources */ = {isa = PBXBuildFile; fileRef = D3860F5F19405660007F355E /* AppDelegate.m */; };
		D3860F6219405660007F355E /* Images.xcassets in Resources */ = {isa = PBXBuildFile; fileRef = D3860F6119405660007F355E /* Images.xcassets */; };
		D3860F6919405660007F355E /* XCTest.framework in Frameworks */ = {isa = PBXBuildFile; fileRef = D3860F6819405660007F355E /* XCTest.framework */; };
		D3860F6A19405660007F355E /* Foundation.framework in Frameworks */ = {isa = PBXBuildFile; fileRef = D3860F4F19405660007F355E /* Foundation.framework */; };
		D3860F6B19405660007F355E /* UIKit.framework in Frameworks */ = {isa = PBXBuildFile; fileRef = D3860F5319405660007F355E /* UIKit.framework */; };
		D3860F7319405660007F355E /* InfoPlist.strings in Resources */ = {isa = PBXBuildFile; fileRef = D3860F7119405660007F355E /* InfoPlist.strings */; };
		D3860F7519405660007F355E /* PictureDemoTests.m in Sources */ = {isa = PBXBuildFile; fileRef = D3860F7419405660007F355E /* PictureDemoTests.m */; };
/* End PBXBuildFile section */

/* Begin PBXContainerItemProxy section */
		D3860F6C19405660007F355E /* PBXContainerItemProxy */ = {
			isa = PBXContainerItemProxy;
			containerPortal = D3860F4419405660007F355E /* Project object */;
			proxyType = 1;
			remoteGlobalIDString = D3860F4B19405660007F355E;
			remoteInfo = PictureDemo;
		};
/* End PBXContainerItemProxy section */

/* Begin PBXFileReference section */
		D3860F4C19405660007F355E /* PictureDemo.app */ = {isa = PBXFileReference; explicitFileType = wrapper.application; includeInIndex = 0; path = PictureDemo.app; sourceTree = BUILT_PRODUCTS_DIR; };
		D3860F4F19405660007F355E /* Foundation.framework */ = {isa = PBXFileReference; lastKnownFileType = wrapper.framework; name = Foundation.framework; path = System/Library/Frameworks/Foundation.framework; sourceTree = SDKROOT; };
		D3860F5119405660007F355E /* CoreGraphics.framework */ = {isa = PBXFileReference; lastKnownFileType = wrapper.framework; name = CoreGraphics.framework; path = System/Library/Frameworks/CoreGraphics.framework; sourceTree = SDKROOT; };
		D3860F5319405660007F355E /* UIKit.framework */ = {isa = PBXFileReference; lastKnownFileType = wrapper.framework; name = UIKit.framework; path = System/Library/Frameworks/UIKit.framework; sourceTree = SDKROOT; };
		D3860F5719405660007F355E /* PictureDemo-Info.plist */ = {isa = PBXFileReference; lastKnownFileType = text.plist.xml; path = "PictureDemo-Info.plist"; sourceTree = "<group>"; };
		D3860F5919405660007F355E /* en */ = {isa = PBXFileReference; lastKnownFileType = text.plist.strings; name = en; path = en.lproj/InfoPlist.strings; sourceTree = "<group>"; };
		D3860F5B19405660007F355E /* main.m */ = {isa = PBXFileReference; lastKnownFileType = sourcecode.c.objc; path = main.m; sourceTree = "<group>"; };
		D3860F5D19405660007F355E /* PictureDemo-Prefix.pch */ = {isa = PBXFileReference; lastKnownFileType = sourcecode.c.h; path = "PictureDemo-Prefix.pch"; sourceTree = "<group>"; };
		D3860F5E19405660007F355E /* AppDelegate.h */ = {isa = PBXFileReference; lastKnownFileType = sourcecode.c.h; path = AppDelegate.h; sourceTree = "<group>"; };
		D3860F5F19405660007F355E /* AppDelegate.m */ = {isa = PBXFileReference; lastKnownFileType = sourcecode.c.objc; path = AppDelegate.m; sourceTree = "<group>"; };
		D3860F6119405660007F355E /* Images.xcassets */ = {isa = PBXFileReference; lastKnownFileType = folder.assetcatalog; path = Images.xcassets; sourceTree = "<group>"; };
		D3860F6719405660007F355E /* PictureDemoTests.xctest */ = {isa = PBXFileReference; explicitFileType = wrapper.cfbundle; includeInIndex = 0; path = PictureDemoTests.xctest; sourceTree = BUILT_PRODUCTS_DIR; };
		D3860F6819405660007F355E /* XCTest.framework */ = {isa = PBXFileReference; lastKnownFileType = wrapper.framework; name = XCTest.framework; path = Library/Frameworks/XCTest.framework; sourceTree = DEVELOPER_DIR; };
		D3860F7019405660007F355E /* PictureDemoTests-Info.plist */ = {isa = PBXFileReference; lastKnownFileType = text.plist.xml; path = "PictureDemoTests-Info.plist"; sourceTree = "<group>"; };
		D3860F7219405660007F355E /* en */ = {isa = PBXFileReference; lastKnownFileType = text.plist.strings; name = en; path = en.lproj/InfoPlist.strings; sourceTree = "<group>"; };
		D3860F7419405660007F355E /* PictureDemoTests.m */ = {isa = PBXFileReference; lastKnownFileType = sourcecode.c.objc; path = PictureDemoTests.m; sourceTree = "<group>"; };
/* End PBXFileReference section */

/* Begin PBXFrameworksBuildPhase section */
		D3860F4919405660007F355E /* Frameworks */ = {
			isa = PBXFrameworksBuildPhase;
			buildActionMask = 2147483647;
			files = (
				D3860F5219405660007F355E /* CoreGraphics.framework in Frameworks */,
				D3860F5419405660007F355E /* UIKit.framework in Frameworks */,
				D3860F5019405660007F355E /* Foundation.framework in Frameworks */,
			);
			runOnlyForDeploymentPostprocessing = 0;
		};
		D3860F6419405660007F355E /* Frameworks */ = {
			isa = PBXFrameworksBuildPhase;
			buildActionMask = 2147483647;
			files = (
				D3860F6919405660007F355E /* XCTest.framework in Frameworks */,
				D3860F6B19405660007F355E /* UIKit.framework in Frameworks */,
				D3860F6A19405660007F355E /* Foundation.framework in Frameworks */,
			);
			runOnlyForDeploymentPostprocessing = 0;
		};
/* End PBXFrameworksBuildPhase section */

/* Begin PBXGroup section */
		D3860F4319405660007F355E = {
			isa = PBXGroup;
			children = (
				D3860F5519405660007F355E /* PictureDemo */,
				D3860F6E19405660007F355E /* PictureDemoTests */,
				D3860F4E19405660007F355E /* Frameworks */,
				D3860F4D19405660007F355E /* Products */,
			);
			sourceTree = "<group>";
		};
		D3860F4D19405660007F355E /* Products */ = {
			isa = PBXGroup;
			children = (
				D3860F4C19405660007F355E /* PictureDemo.app */,
				D3860F6719405660007F355E /* PictureDemoTests.xctest */,
			);
			name = Products;
			sourceTree = "<group>";
		};
		D3860F4E19405660007F355E /* Frameworks */ = {
			isa = PBXGroup;
			children = (
				D3860F4F19405660007F355E /* Foundation.framework */,
				D3860F5119405660007F355E /* CoreGraphics.framework */,
				D3860F5319405660007F355E /* UIKit.framework */,
				D3860F6819405660007F355E /* XCTest.framework */,
			);
			name = Frameworks;
			sourceTree = "<group>";
		};
		D3860F5519405660007F355E /* PictureDemo */ = {
			isa = PBXGroup;
			children = (
				D3860F5E19405660007F355E /* AppDelegate.h */,
				D3860F5F19405660007F355E /* AppDelegate.m */,
				D3860F6119405660007F355E /* Images.xcassets */,
				D3860F5619405660007F355E /* Supporting Files */,
			);
			path = PictureDemo;
			sourceTree = "<group>";
		};
		D3860F5619405660007F355E /* Supporting Files */ = {
			isa = PBXGroup;
			children = (
				D3860F5719405660007F355E /* PictureDemo-Info.plist */,
				D3860F5819405660007F355E /* InfoPlist.strings */,
				D3860F5B19405660007F355E /* main.m */,
				D3860F5D19405660007F355E /* PictureDemo-Prefix.pch */,
			);
			name = "Supporting Files";
			sourceTree = "<group>";
		};
		D3860F6E19405660007F355E /* PictureDemoTests */ = {
			isa = PBXGroup;
			children = (
				D3860F7419405660007F355E /* PictureDemoTests.m */,
				D3860F6F19405660007F355E /* Supporting Files */,
			);
			path = PictureDemoTests;
			sourceTree = "<group>";
		};
		D3860F6F19405660007F355E /* Supporting Files */ = {
			isa = PBXGroup;
			children = (
				D3860F7019405660007F355E /* PictureDemoTests-Info.plist */,
				D3860F7119405660007F355E /* InfoPlist.strings */,
			);
			name = "Supporting Files";
			sourceTree = "<group>";
		};
/* End PBXGroup section */

/* Begin PBXNativeTarget section */
		D3860F4B19405660007F355E /* PictureDemo */ = {
			isa = PBXNativeTarget;
			buildConfigurationList = D3860F7819405660007F355E /* Build configuration list for PBXNativeTarget "PictureDemo" */;
			buildPhases = (
				D3860F4819405660007F355E /* Sources */,
				D3860F4919405660007F355E /* Frameworks */,
				D3860F4A19405660007F355E /* Resources */,
			);
			buildRules = (
			);
			dependencies = (
			);
			name = PictureDemo;
			productName = PictureDemo;
			productReference = D3860F4C19405660007F355E /* PictureDemo.app */;
			productType = "com.apple.product-type.application";
		};
		D3860F6619405660007F355E /* PictureDemoTests */ = {
			isa = PBXNativeTarget;
			buildConfigurationList = D3860F7B19405660007F355E /* Build configuration list for PBXNativeTarget "PictureDemoTests" */;
			buildPhases = (
				D3860F6319405660007F355E /* Sources */,
				D3860F6419405660007F355E /* Frameworks */,
				D3860F6519405660007F355E /* Resources */,
			);
			buildRules = (
			);
			dependencies = (
				D3860F6D19405660007F355E /* PBXTargetDependency */,
			);
			name = PictureDemoTests;
			productName = PictureDemoTests;
			productReference = D3860F6719405660007F355E /* PictureDemoTests.xctest */;
			productType = "com.apple.product-type.bundle.unit-test";
		};
/* End PBXNativeTarget section */

/* Begin PBXProject section */
		D3860F4419405660007F355E /* Project object */ = {
			isa = PBXProject;
			attributes = {
				LastUpgradeCheck = 0510;
				ORGANIZATIONNAME = shenhaipeng;
				TargetAttributes = {
					D3860F6619405660007F355E = {
						TestTargetID = D3860F4B19405660007F355E;
					};
				};
			};
			buildConfigurationList = D3860F4719405660007F355E /* Build configuration list for PBXProject "PictureDemo" */;
			compatibilityVersion = "Xcode 3.2";
			developmentRegion = English;
			hasScannedForEncodings = 0;
			knownRegions = (
				en,
			);
			mainGroup = D3860F4319405660007F355E;
			productRefGroup = D3860F4D19405660007F355E /* Products */;
			projectDirPath = "";
			projectRoot = "";
			targets = (
				D3860F4B19405660007F355E /* PictureDemo */,
				D3860F6619405660007F355E /* PictureDemoTests */,
			);
		};
/* End PBXProject section */

/* Begin PBXResourcesBuildPhase section */
		D3860F4A19405660007F355E /* Resources */ = {
			isa = PBXResourcesBuildPhase;
			buildActionMask = 2147483647;
			files = (
				D3860F5A19405660007F355E /* InfoPlist.strings in Resources */,
				D3860F6219405660007F355E /* Images.xcassets in Resources */,
			);
			runOnlyForDeploymentPostprocessing = 0;
		};
		D3860F6519405660007F355E /* Resources */ = {
			isa = PBXResourcesBuildPhase;
			buildActionMask = 2147483647;
			files = (
				D3860F7319405660007F355E /* InfoPlist.strings in Resources */,
			);
			runOnlyForDeploymentPostprocessing = 0;
		};
/* End PBXResourcesBuildPhase section */

/* Begin PBXSourcesBuildPhase section */
		D3860F4819405660007F355E /* Sources */ = {
			isa = PBXSourcesBuildPhase;
			buildActionMask = 2147483647;
			files = (
				D3860F6019405660007F355E /* AppDelegate.m in Sources */,
				D3860F5C19405660007F355E /* main.m in Sources */,
			);
			runOnlyForDeploymentPostprocessing = 0;
		};
		D3860F6319405660007F355E /* Sources */ = {
			isa = PBXSourcesBuildPhase;
			buildActionMask = 2147483647;
			files = (
				D3860F7519405660007F355E /* PictureDemoTests.m in Sources */,
			);
			runOnlyForDeploymentPostprocessing = 0;
		};
/* End PBXSourcesBuildPhase section */

/* Begin PBXTargetDependency section */
		D3860F6D19405660007F355E /* PBXTargetDependency */ = {
			isa = PBXTargetDependency;
			target = D3860F4B19405660007F355E /* PictureDemo */;
			targetProxy = D3860F6C19405660007F355E /* PBXContainerItemProxy */;
		};
/* End PBXTargetDependency section */

/* Begin PBXVariantGroup section */
		D3860F5819405660007F355E /* InfoPlist.strings */ = {
			isa = PBXVariantGroup;
			children = (
				D3860F5919405660007F355E /* en */,
			);
			name = InfoPlist.strings;
			sourceTree = "<group>";
		};
		D3860F7119405660007F355E /* InfoPlist.strings */ = {
			isa = PBXVariantGroup;
			children = (
				D3860F7219405660007F355E /* en */,
			);
			name = InfoPlist.strings;
			sourceTree = "<group>";
		};
/* End PBXVariantGroup section */

/* Begin XCBuildConfiguration section */
		D3860F7619405660007F355E /* Debug */ = {
			isa = XCBuildConfiguration;
			buildSettings = {
				ALWAYS_SEARCH_USER_PATHS = NO;
				CLANG_CXX_LANGUAGE_STANDARD = "gnu++0x";
				CLANG_CXX_LIBRARY = "libc++";
				CLANG_ENABLE_MODULES = YES;
				CLANG_ENABLE_OBJC_ARC = YES;
				CLANG_WARN_BOOL_CONVERSION = YES;
				CLANG_WARN_CONSTANT_CONVERSION = YES;
				CLANG_WARN_DIRECT_OBJC_ISA_USAGE = YES_ERROR;
				CLANG_WARN_EMPTY_BODY = YES;
				CLANG_WARN_ENUM_CONVERSION = YES;
				CLANG_WARN_INT_CONVERSION = YES;
				CLANG_WARN_OBJC_ROOT_CLASS = YES_ERROR;
				CLANG_WARN__DUPLICATE_METHOD_MATCH = YES;
				"CODE_SIGN_IDENTITY[sdk=iphoneos*]" = "iPhone Developer";
				COPY_PHASE_STRIP = NO;
				GCC_C_LANGUAGE_STANDARD = gnu99;
				GCC_DYNAMIC_NO_PIC = NO;
				GCC_OPTIMIZATION_LEVEL = 0;
				GCC_PREPROCESSOR_DEFINITIONS = (
					"DEBUG=1",
					"$(inherited)",
				);
				GCC_SYMBOLS_PRIVATE_EXTERN = NO;
				GCC_WARN_64_TO_32_BIT_CONVERSION = YES;
				GCC_WARN_ABOUT_RETURN_TYPE = YES_ERROR;
				GCC_WARN_UNDECLARED_SELECTOR = YES;
				GCC_WARN_UNINITIALIZED_AUTOS = YES_AGGRESSIVE;
				GCC_WARN_UNUSED_FUNCTION = YES;
				GCC_WARN_UNUSED_VARIABLE = YES;
				IPHONEOS_DEPLOYMENT_TARGET = 7.1;
				ONLY_ACTIVE_ARCH = YES;
				SDKROOT = iphoneos;
			};
			name = Debug;
		};
		D3860F7719405660007F355E /* Release */ = {
			isa = XCBuildConfiguration;
			buildSettings = {
				ALWAYS_SEARCH_USER_PATHS = NO;
				CLANG_CXX_LANGUAGE_STANDARD = "gnu++0x";
				CLANG_CXX_LIBRARY = "libc++";
				CLANG_ENABLE_MODULES = YES;
				CLANG_ENABLE_OBJC_ARC = YES;
				CLANG_WARN_BOOL_CONVERSION = YES;
				CLANG_WARN_CONSTANT_CONVERSION = YES;
				CLANG_WARN_DIRECT_OBJC_ISA_USAGE = YES_ERROR;
				CLANG_WARN_EMPTY_BODY = YES;
				CLANG_WARN_ENUM_CONVERSION = YES;
				CLANG_WARN_INT_CONVERSION = YES;
				CLANG_WARN_OBJC_ROOT_CLASS = YES_ERROR;
				CLANG_WARN__DUPLICATE_METHOD_MATCH = YES;
				"CODE_SIGN_IDENTITY[sdk=iphoneos*]" = "iPhone Developer";
				COPY_PHASE_STRIP = YES;
				ENABLE_NS_ASSERTIONS = NO;
				GCC_C_LANGUAGE_STANDARD = gnu99;
				GCC_WARN_64_TO_32_BIT_CONVERSION = YES;
				GCC_WARN_ABOUT_RETURN_TYPE = YES_ERROR;
				GCC_WARN_UNDECLARED_SELECTOR = YES;
				GCC_WARN_UNINITIALIZED_AUTOS = YES_AGGRESSIVE;
				GCC_WARN_UNUSED_FUNCTION = YES;
				GCC_WARN_UNUSED_VARIABLE = YES;
				IPHONEOS_DEPLOYMENT_TARGET = 7.1;
				SDKROOT = iphoneos;
				VALIDATE_PRODUCT = YES;
			};
			name = Release;
		};
		D3860F7919405660007F355E /* Debug */ = {
			isa = XCBuildConfiguration;
			buildSettings = {
				ASSETCATALOG_COMPILER_APPICON_NAME = AppIcon;
				ASSETCATALOG_COMPILER_LAUNCHIMAGE_NAME = LaunchImage;
				GCC_PRECOMPILE_PREFIX_HEADER = YES;
				GCC_PREFIX_HEADER = "PictureDemo/PictureDemo-Prefix.pch";
				INFOPLIST_FILE = "PictureDemo/PictureDemo-Info.plist";
				PRODUCT_NAME = "$(TARGET_NAME)";
				WRAPPER_EXTENSION = app;
			};
			name = Debug;
		};
		D3860F7A19405660007F355E /* Release */ = {
			isa = XCBuildConfiguration;
			buildSettings = {
				ASSETCATALOG_COMPILER_APPICON_NAME = AppIcon;
				ASSETCATALOG_COMPILER_LAUNCHIMAGE_NAME = LaunchImage;
				GCC_PRECOMPILE_PREFIX_HEADER = YES;
				GCC_PREFIX_HEADER = "PictureDemo/PictureDemo-Prefix.pch";
				INFOPLIST_FILE = "PictureDemo/PictureDemo-Info.plist";
				PRODUCT_NAME = "$(TARGET_NAME)";
				WRAPPER_EXTENSION = app;
			};
			name = Release;
		};
		D3860F7C19405660007F355E /* Debug */ = {
			isa = XCBuildConfiguration;
			buildSettings = {
				BUNDLE_LOADER = "$(BUILT_PRODUCTS_DIR)/PictureDemo.app/PictureDemo";
				FRAMEWORK_SEARCH_PATHS = (
					"$(SDKROOT)/Developer/Library/Frameworks",
					"$(inherited)",
					"$(DEVELOPER_FRAMEWORKS_DIR)",
				);
				GCC_PRECOMPILE_PREFIX_HEADER = YES;
				GCC_PREFIX_HEADER = "PictureDemo/PictureDemo-Prefix.pch";
				GCC_PREPROCESSOR_DEFINITIONS = (
					"DEBUG=1",
					"$(inherited)",
				);
				INFOPLIST_FILE = "PictureDemoTests/PictureDemoTests-Info.plist";
				PRODUCT_NAME = "$(TARGET_NAME)";
				TEST_HOST = "$(BUNDLE_LOADER)";
				WRAPPER_EXTENSION = xctest;
			};
			name = Debug;
		};
		D3860F7D19405660007F355E /* Release */ = {
			isa = XCBuildConfiguration;
			buildSettings = {
				BUNDLE_LOADER = "$(BUILT_PRODUCTS_DIR)/PictureDemo.app/PictureDemo";
				FRAMEWORK_SEARCH_PATHS = (
					"$(SDKROOT)/Developer/Library/Frameworks",
					"$(inherited)",
					"$(DEVELOPER_FRAMEWORKS_DIR)",
				);
				GCC_PRECOMPILE_PREFIX_HEADER = YES;
				GCC_PREFIX_HEADER = "PictureDemo/PictureDemo-Prefix.pch";
				INFOPLIST_FILE = "PictureDemoTests/PictureDemoTests-Info.plist";
				PRODUCT_NAME = "$(TARGET_NAME)";
				TEST_HOST = "$(BUNDLE_LOADER)";
				WRAPPER_EXTENSION = xctest;
			};
			name = Release;
		};
/* End XCBuildConfiguration section */

/* Begin XCConfigurationList section */
		D3860F4719405660007F355E /* Build configuration list for PBXProject "PictureDemo" */ = {
			isa = XCConfigurationList;
			buildConfigurations = (
				D3860F7619405660007F355E /* Debug */,
				D3860F7719405660007F355E /* Release */,
			);
			defaultConfigurationIsVisible = 0;
			defaultConfigurationName = Release;
		};
		D3860F7819405660007F355E /* Build configuration list for PBXNativeTarget "PictureDemo" */ = {
			isa = XCConfigurationList;
			buildConfigurations = (
				D3860F7919405660007F355E /* Debug */,
				D3860F7A19405660007F355E /* Release */,
			);
			defaultConfigurationIsVisible = 0;
		};
		D3860F7B19405660007F355E /* Build configuration list for PBXNativeTarget "PictureDemoTests" */ = {
			isa = XCConfigurationList;
			buildConfigurations = (
				D3860F7C19405660007F355E /* Debug */,
				D3860F7D19405660007F355E /* Release */,
			);
			defaultConfigurationIsVisible = 0;
		};
/* End XCConfigurationList section */
	};
	rootObject = D3860F4419405660007F355E /* Project object */;
}
